# This file is generated by running "yarn install" inside your project.
# Manual changes might be lost - proceed with caution!

__metadata:
  version: 6
  cacheKey: 8

"@ljharb/now@npm:^1.0.1":
  version: 1.0.1
  resolution: "@ljharb/now@npm:1.0.1"
  dependencies:
    call-bind-apply-helpers: ^1.0.2
    call-bound: ^1.0.4
    get-intrinsic: ^1.3.0
  checksum: 922896dee6766007a9e1d82c18f0d1c40f7b709b764f617f5e8526fbf2341c8a16b030a18636f7e699710c540c8e5005ffc1ca5d319861973b43353f73be17a5
  languageName: node
  linkType: hard

"@ljharb/resumer@npm:^0.1.3":
  version: 0.1.3
  resolution: "@ljharb/resumer@npm:0.1.3"
  dependencies:
    "@ljharb/through": ^2.3.13
    call-bind: ^1.0.7
  checksum: be3a3de2a0899a32e412426e0525f44b7be2b759d88d17fbe4291e3cfedd5ae14ec6aea9826d9ef033016db2d0697a022b2a75192de89704215ebb2a8678582b
  languageName: node
  linkType: hard

"@ljharb/through@npm:^2.3.13, @ljharb/through@npm:^2.3.14":
  version: 2.3.14
  resolution: "@ljharb/through@npm:2.3.14"
  dependencies:
    call-bind: ^1.0.8
  checksum: 70323a9d7a0d43a6867651770d2b965b6d774480eef0409454531ced499b625d16f7227886666bb9f52785c65c386686b9337f7f5c3e1182ce0d25bc4c81bc5f
  languageName: node
  linkType: hard

"@provableio/provable-core@workspace:.":
  version: 0.0.0-use.local
  resolution: "@provableio/provable-core@workspace:."
  dependencies:
    tape: ^5.0.1
  languageName: unknown
  linkType: soft

"array-buffer-byte-length@npm:^1.0.0, array-buffer-byte-length@npm:^1.0.1, array-buffer-byte-length@npm:^1.0.2":
  version: 1.0.2
  resolution: "array-buffer-byte-length@npm:1.0.2"
  dependencies:
    call-bound: ^1.0.3
    is-array-buffer: ^3.0.5
  checksum: 0ae3786195c3211b423e5be8dd93357870e6fb66357d81da968c2c39ef43583ef6eece1f9cb1caccdae4806739c65dea832b44b8593414313cd76a89795fca63
  languageName: node
  linkType: hard

"array.prototype.every@npm:^1.1.7":
  version: 1.1.7
  resolution: "array.prototype.every@npm:1.1.7"
  dependencies:
    call-bound: ^1.0.2
    define-properties: ^1.2.1
    es-abstract: ^1.23.5
    es-object-atoms: ^1.0.0
    is-string: ^1.1.0
  checksum: 525ff981177a72afb140009e7cb29d24ece1416fbcb5396d0c40b58013f1adb7665b1e1b590a090b42716c350d9ecd64fb54992e2b58888cda9a0a89f4089030
  languageName: node
  linkType: hard

"array.prototype.flatmap@npm:^1.3.3":
  version: 1.3.3
  resolution: "array.prototype.flatmap@npm:1.3.3"
  dependencies:
    call-bind: ^1.0.8
    define-properties: ^1.2.1
    es-abstract: ^1.23.5
    es-shim-unscopables: ^1.0.2
  checksum: 11b4de09b1cf008be6031bb507d997ad6f1892e57dc9153583de6ebca0f74ea403fffe0f203461d359de05048d609f3f480d9b46fed4099652d8b62cc972f284
  languageName: node
  linkType: hard

"arraybuffer.prototype.slice@npm:^1.0.4":
  version: 1.0.4
  resolution: "arraybuffer.prototype.slice@npm:1.0.4"
  dependencies:
    array-buffer-byte-length: ^1.0.1
    call-bind: ^1.0.8
    define-properties: ^1.2.1
    es-abstract: ^1.23.5
    es-errors: ^1.3.0
    get-intrinsic: ^1.2.6
    is-array-buffer: ^3.0.4
  checksum: b1d1fd20be4e972a3779b1569226f6740170dca10f07aa4421d42cefeec61391e79c557cda8e771f5baefe47d878178cd4438f60916ce831813c08132bced765
  languageName: node
  linkType: hard

"async-function@npm:^1.0.0":
  version: 1.0.0
  resolution: "async-function@npm:1.0.0"
  checksum: 9102e246d1ed9b37ac36f57f0a6ca55226876553251a31fc80677e71471f463a54c872dc78d5d7f80740c8ba624395cccbe8b60f7b690c4418f487d8e9fd1106
  languageName: node
  linkType: hard

"async-generator-function@npm:^1.0.0":
  version: 1.0.0
  resolution: "async-generator-function@npm:1.0.0"
  checksum: 74a71a4a2dd7afd06ebb612f6d612c7f4766a351bedffde466023bf6dae629e46b0d2cd38786239e0fbf245de0c7df76035465e16d1213774a0efb22fec0d713
  languageName: node
  linkType: hard

"available-typed-arrays@npm:^1.0.7":
  version: 1.0.7
  resolution: "available-typed-arrays@npm:1.0.7"
  dependencies:
    possible-typed-array-names: ^1.0.0
  checksum: 1aa3ffbfe6578276996de660848b6e95669d9a95ad149e3dd0c0cda77db6ee1dbd9d1dd723b65b6d277b882dd0c4b91a654ae9d3cf9e1254b7e93e4908d78fd3
  languageName: node
  linkType: hard

"balanced-match@npm:^1.0.0":
  version: 1.0.2
  resolution: "balanced-match@npm:1.0.2"
  checksum: 9706c088a283058a8a99e0bf91b0a2f75497f185980d9ffa8b304de1d9e58ebda7c72c07ebf01dadedaac5b2907b2c6f566f660d62bd336c3468e960403b9d65
  languageName: node
  linkType: hard

"brace-expansion@npm:^1.1.7":
  version: 1.1.21
  resolution: "brace-expansion@npm:1.1.21"
  dependencies:
    balanced-match: ^1.0.0
    concat-map: 0.0.1
  checksum: b841b4198a0ab8a1b433920ed65b46a9b4368c0ad1f95b2ed229a682c7d7d5b5839620204b5644a05c967d29e66bdf0a59b1115e74e0f27761d0dc02f5e0d835
  languageName: node
  linkType: hard

"call-bind-apply-helpers@npm:^1.0.1, call-bind-apply-helpers@npm:^1.0.2":
  version: 1.0.2
  resolution: "call-bind-apply-helpers@npm:1.0.2"
  dependencies:
    es-errors: ^1.3.0
    function-bind: ^1.1.2
  checksum: b2863d74fcf2a6948221f65d95b91b4b2d90cfe8927650b506141e669f7d5de65cea191bf788838bc40d13846b7886c5bc5c84ab96c3adbcf88ad69a72fcdc6b
  languageName: node
  linkType: hard

"call-bind@npm:^1.0.2, call-bind@npm:^1.0.5, call-bind@npm:^1.0.7, call-bind@npm:^1.0.8, call-bind@npm:^1.0.9":
  version: 1.0.9
  resolution: "call-bind@npm:1.0.9"
  dependencies:
    call-bind-apply-helpers: ^1.0.2
    es-define-property: ^1.0.1
    get-intrinsic: ^1.3.0
    set-function-length: ^1.2.2
  checksum: fb5a8037bd7e2417ebda428f7ba57cbb3152e92f355aa8a20a4b2be9657f67b84e3812502620047ccf12c6542584a7d5bfb8d080cb636eb178b270bec0bfc010
  languageName: node
  linkType: hard

"call-bound@npm:^1.0.2, call-bound@npm:^1.0.3, call-bound@npm:^1.0.4":
  version: 1.0.4
  resolution: "call-bound@npm:1.0.4"
  dependencies:
    call-bind-apply-helpers: ^1.0.2
    get-intrinsic: ^1.3.0
  checksum: 2f6399488d1c272f56306ca60ff696575e2b7f31daf23bc11574798c84d9f2759dceb0cb1f471a85b77f28962a7ac6411f51d283ea2e45319009a19b6ccab3b2
  languageName: node
  linkType: hard

"concat-map@npm:0.0.1":
  version: 0.0.1
  resolution: "concat-map@npm:0.0.1"
  checksum: 902a9f5d8967a3e2faf138d5cb784b9979bad2e6db5357c5b21c568df4ebe62bcb15108af1b2253744844eb964fc023fbd9afbbbb6ddd0bcc204c6fb5b7bf3af
  languageName: node
  linkType: hard

"data-view-buffer@npm:^1.0.2":
  version: 1.0.2
  resolution: "data-view-buffer@npm:1.0.2"
  dependencies:
    call-bound: ^1.0.3
    es-errors: ^1.3.0
    is-data-view: ^1.0.2
  checksum: 1e1cd509c3037ac0f8ba320da3d1f8bf1a9f09b0be09394b5e40781b8cc15ff9834967ba7c9f843a425b34f9fe14ce44cf055af6662c44263424c1eb8d65659b
  languageName: node
  linkType: hard

"data-view-byte-length@npm:^1.0.2":
  version: 1.0.2
  resolution: "data-view-byte-length@npm:1.0.2"
  dependencies:
    call-bound: ^1.0.3
    es-errors: ^1.3.0
    is-data-view: ^1.0.2
  checksum: 3600c91ced1cfa935f19ef2abae11029e01738de8d229354d3b2a172bf0d7e4ed08ff8f53294b715569fdf72dfeaa96aa7652f479c0f60570878d88e7e8bddf6
  languageName: node
  linkType: hard

"data-view-byte-offset@npm:^1.0.1":
  version: 1.0.1
  resolution: "data-view-byte-offset@npm:1.0.1"
  dependencies:
    call-bound: ^1.0.2
    es-errors: ^1.3.0
    is-data-view: ^1.0.1
  checksum: 8dd492cd51d19970876626b5b5169fbb67ca31ec1d1d3238ee6a71820ca8b80cafb141c485999db1ee1ef02f2cc3b99424c5eda8d59e852d9ebb79ab290eb5ee
  languageName: node
  linkType: hard

"deep-equal@npm:^2.2.3":
  version: 2.2.3
  resolution: "deep-equal@npm:2.2.3"
  dependencies:
    array-buffer-byte-length: ^1.0.0
    call-bind: ^1.0.5
    es-get-iterator: ^1.1.3
    get-intrinsic: ^1.2.2
    is-arguments: ^1.1.1
    is-array-buffer: ^3.0.2
    is-date-object: ^1.0.5
    is-regex: ^1.1.4
    is-shared-array-buffer: ^1.0.2
    isarray: ^2.0.5
    object-is: ^1.1.5
    object-keys: ^1.1.1
    object.assign: ^4.1.4
    regexp.prototype.flags: ^1.5.1
    side-channel: ^1.0.4
    which-boxed-primitive: ^1.0.2
    which-collection: ^1.0.1
    which-typed-array: ^1.1.13
  checksum: ee8852f23e4d20a5626c13b02f415ba443a1b30b4b3d39eaf366d59c4a85e6545d7ec917db44d476a85ae5a86064f7e5f7af7479f38f113995ba869f3a1ddc53
  languageName: node
  linkType: hard

"define-data-property@npm:^1.0.1, define-data-property@npm:^1.1.4":
  version: 1.1.4
  resolution: "define-data-property@npm:1.1.4"
  dependencies:
    es-define-property: ^1.0.0
    es-errors: ^1.3.0
    gopd: ^1.0.1
  checksum: 8068ee6cab694d409ac25936eb861eea704b7763f7f342adbdfe337fc27c78d7ae0eff2364b2917b58c508d723c7a074326d068eef2e45c4edcd85cf94d0313b
  languageName: node
  linkType: hard

"define-properties@npm:^1.2.1":
  version: 1.2.1
  resolution: "define-properties@npm:1.2.1"
  dependencies:
    define-data-property: ^1.0.1
    has-property-descriptors: ^1.0.0
    object-keys: ^1.1.1
  checksum: b4ccd00597dd46cb2d4a379398f5b19fca84a16f3374e2249201992f36b30f6835949a9429669ee6b41b6e837205a163eadd745e472069e70dfc10f03e5fcc12
  languageName: node
  linkType: hard

"defined@npm:^1.0.1":
  version: 1.0.1
  resolution: "defined@npm:1.0.1"
  checksum: b1a852300bdb57f297289b55eafdd0c517afaa3ec8190e78fce91b9d8d0c0369d4505ecbdacfd3d98372e664f4a267d9bd793938d4a8c76209c9d9516fbe2101
  languageName: node
  linkType: hard

"dotignore@npm:^0.1.2":
  version: 0.1.2
  resolution: "dotignore@npm:0.1.2"
  dependencies:
    minimatch: ^3.0.4
  bin:
    ignored: bin/ignored
  checksum: 06bab15e2a2400c6f823a0edbcd73661180f6245a4041a3fe3b9fde4b22ae74b896604df4520a877093f05c656bd080087376c9f605bccdea847664c59910f37
  languageName: node
  linkType: hard

"dunder-proto@npm:^1.0.0, dunder-proto@npm:^1.0.1":
  version: 1.0.1
  resolution: "dunder-proto@npm:1.0.1"
  dependencies:
    call-bind-apply-helpers: ^1.0.1
    es-errors: ^1.3.0
    gopd: ^1.2.0
  checksum: 149207e36f07bd4941921b0ca929e3a28f1da7bd6b6ff8ff7f4e2f2e460675af4576eeba359c635723dc189b64cdd4787e0255897d5b135ccc5d15cb8685fc90
  languageName: node
  linkType: hard

"es-abstract-get@npm:^1.0.0":
  version: 1.0.0
  resolution: "es-abstract-get@npm:1.0.0"
  dependencies:
    es-errors: ^1.3.0
    es-object-atoms: ^1.1.2
    is-callable: ^1.2.7
    object-inspect: ^1.13.4
  checksum: 625bb67d41ebc22e7585875a6ebb90dc9c153998c9866dc7d50ff7b1b9e178e216c0d23914e5dbfd0addb38aab344c142ad27ff4375c6d2acf095432a4d85fe3
  languageName: node
  linkType: hard

"es-abstract@npm:^1.23.5, es-abstract@npm:^1.23.9, es-abstract@npm:^1.24.2":
  version: 1.24.2
  resolution: "es-abstract@npm:1.24.2"
  dependencies:
    array-buffer-byte-length: ^1.0.2
    arraybuffer.prototype.slice: ^1.0.4
    available-typed-arrays: ^1.0.7
    call-bind: ^1.0.8
    call-bound: ^1.0.4
    data-view-buffer: ^1.0.2
    data-view-byte-length: ^1.0.2
    data-view-byte-offset: ^1.0.1
    es-define-property: ^1.0.1
    es-errors: ^1.3.0
    es-object-atoms: ^1.1.1
    es-set-tostringtag: ^2.1.0
    es-to-primitive: ^1.3.0
    function.prototype.name: ^1.1.8
    get-intrinsic: ^1.3.0
    get-proto: ^1.0.1
    get-symbol-description: ^1.1.0
    globalthis: ^1.0.4
    gopd: ^1.2.0
    has-property-descriptors: ^1.0.2
    has-proto: ^1.2.0
    has-symbols: ^1.1.0
    hasown: ^2.0.2
    internal-slot: ^1.1.0
    is-array-buffer: ^3.0.5
    is-callable: ^1.2.7
    is-data-view: ^1.0.2
    is-negative-zero: ^2.0.3
    is-regex: ^1.2.1
    is-set: ^2.0.3
    is-shared-array-buffer: ^1.0.4
    is-string: ^1.1.1
    is-typed-array: ^1.1.15
    is-weakref: ^1.1.1
    math-intrinsics: ^1.1.0
    object-inspect: ^1.13.4
    object-keys: ^1.1.1
    object.assign: ^4.1.7
    own-keys: ^1.0.1
    regexp.prototype.flags: ^1.5.4
    safe-array-concat: ^1.1.3
    safe-push-apply: ^1.0.0
    safe-regex-test: ^1.1.0
    set-proto: ^1.0.0
    stop-iteration-iterator: ^1.1.0
    string.prototype.trim: ^1.2.10
    string.prototype.trimend: ^1.0.9
    string.prototype.trimstart: ^1.0.8
    typed-array-buffer: ^1.0.3
    typed-array-byte-length: ^1.0.3
    typed-array-byte-offset: ^1.0.4
    typed-array-length: ^1.0.7
    unbox-primitive: ^1.1.0
    which-typed-array: ^1.1.19
  checksum: 25ddb06725159050d896986a10df5351c658a35113dcfb328bc2e117557440cb956e2ebf61c1a977974c14551fac3bd43449c96e63cb876c5e72bde306714b98
  languageName: node
  linkType: hard

"es-define-property@npm:^1.0.0, es-define-property@npm:^1.0.1":
  version: 1.0.1
  resolution: "es-define-property@npm:1.0.1"
  checksum: 0512f4e5d564021c9e3a644437b0155af2679d10d80f21adaf868e64d30efdfbd321631956f20f42d655fedb2e3a027da479fad3fa6048f768eb453a80a5f80a
  languageName: node
  linkType: hard

"es-errors@npm:^1.3.0":
  version: 1.3.0
  resolution: "es-errors@npm:1.3.0"
  checksum: ec1414527a0ccacd7f15f4a3bc66e215f04f595ba23ca75cdae0927af099b5ec865f9f4d33e9d7e86f512f252876ac77d4281a7871531a50678132429b1271b5
  languageName: node
  linkType: hard

"es-get-iterator@npm:^1.1.3":
  version: 1.1.3
  resolution: "es-get-iterator@npm:1.1.3"
  dependencies:
    call-bind: ^1.0.2
    get-intrinsic: ^1.1.3
    has-symbols: ^1.0.3
    is-arguments: ^1.1.1
    is-map: ^2.0.2
    is-set: ^2.0.2
    is-string: ^1.0.7
    isarray: ^2.0.5
    stop-iteration-iterator: ^1.0.0
  checksum: 8fa118da42667a01a7c7529f8a8cca514feeff243feec1ce0bb73baaa3514560bd09d2b3438873cf8a5aaec5d52da248131de153b28e2638a061b6e4df13267d
  languageName: node
  linkType: hard

"es-object-atoms@npm:^1.0.0, es-object-atoms@npm:^1.1.1, es-object-atoms@npm:^1.1.2":
  version: 1.1.2
  resolution: "es-object-atoms@npm:1.1.2"
  dependencies:
    es-errors: ^1.3.0
  checksum: b821f39e4f48bd85b13fee80aea9068a674bcb78b95ff01267aa4da1111f83e6944049b3329b2ffdb3acaa266fb5b8b885476fe8cada05034dc7c87c8016c86d
  languageName: node
  linkType: hard

"es-set-tostringtag@npm:^2.1.0":
  version: 2.1.0
  resolution: "es-set-tostringtag@npm:2.1.0"
  dependencies:
    es-errors: ^1.3.0
    get-intrinsic: ^1.2.6
    has-tostringtag: ^1.0.2
    hasown: ^2.0.2
  checksum: 789f35de4be3dc8d11fdcb91bc26af4ae3e6d602caa93299a8c45cf05d36cc5081454ae2a6d3afa09cceca214b76c046e4f8151e092e6fc7feeb5efb9e794fc6
  languageName: node
  linkType: hard

"es-shim-unscopables@npm:^1.0.2":
  version: 1.1.0
  resolution: "es-shim-unscopables@npm:1.1.0"
  dependencies:
    hasown: ^2.0.2
  checksum: 33cfb1ebcb2f869f0bf528be1a8660b4fe8b6cec8fc641f330e508db2284b58ee2980fad6d0828882d22858c759c0806076427a3673b6daa60f753e3b558ee15
  languageName: node
  linkType: hard

"es-to-primitive@npm:^1.3.0":
  version: 1.3.4
  resolution: "es-to-primitive@npm:1.3.4"
  dependencies:
    es-abstract-get: ^1.0.0
    es-define-property: ^1.0.1
    es-errors: ^1.3.0
    is-callable: ^1.2.7
    is-date-object: ^1.1.0
    is-symbol: ^1.1.1
  checksum: b152ec48ee2f962760751c1c181ef09d2c4483af50fbdd08c0d41004d71014c90ad4339b14d0328a14209d9ee638d13b4190aadc066f19466071cf2af5785d05
  languageName: node
  linkType: hard

"for-each@npm:^0.3.3, for-each@npm:^0.3.5":
  version: 0.3.5
  resolution: "for-each@npm:0.3.5"
  dependencies:
    is-callable: ^1.2.7
  checksum: 3c986d7e11f4381237cc98baa0a2f87eabe74719eee65ed7bed275163082b940ede19268c61d04c6260e0215983b12f8d885e3c8f9aa8c2113bf07c37051745c
  languageName: node
  linkType: hard

"fs.realpath@npm:^1.0.0":
  version: 1.0.0
  resolution: "fs.realpath@npm:1.0.0"
  checksum: 99ddea01a7e75aa276c250a04eedeffe5662bce66c65c07164ad6264f9de18fb21be9433ead460e54cff20e31721c811f4fb5d70591799df5f85dce6d6746fd0
  languageName: node
  linkType: hard

"function-bind@npm:^1.1.2":
  version: 1.1.2
  resolution: "function-bind@npm:1.1.2"
  checksum: 2b0ff4ce708d99715ad14a6d1f894e2a83242e4a52ccfcefaee5e40050562e5f6dafc1adbb4ce2d4ab47279a45dc736ab91ea5042d843c3c092820dfe032efb1
  languageName: node
  linkType: hard

"function.prototype.name@npm:^1.1.6, function.prototype.name@npm:^1.1.8":
  version: 1.2.0
  resolution: "function.prototype.name@npm:1.2.0"
  dependencies:
    call-bind: ^1.0.9
    call-bound: ^1.0.4
    es-define-property: ^1.0.1
    es-errors: ^1.3.0
    functions-have-names: ^1.2.3
    has-property-descriptors: ^1.0.2
    hasown: ^2.0.4
    is-callable: ^1.2.7
    is-document.all: ^1.0.0
  checksum: 297f6966f6fe1ff756ec7f51956420273d55186697769ff8e815578c10bb9cc27de5e4383cc0da703873b988ad634b74b167f1f9f8ef6a04f7f096f8088fde5d
  languageName: node
  linkType: hard

"functions-have-names@npm:^1.2.3":
  version: 1.2.3
  resolution: "functions-have-names@npm:1.2.3"
  checksum: c3f1f5ba20f4e962efb71344ce0a40722163e85bee2101ce25f88214e78182d2d2476aa85ef37950c579eb6cf6ee811c17b3101bb84004bb75655f3e33f3fdb5
  languageName: node
  linkType: hard

"generator-function@npm:^2.0.0":
  version: 2.0.1
  resolution: "generator-function@npm:2.0.1"
  checksum: 3bf87f7b0230de5d74529677e6c3ceb3b7b5d9618b5a22d92b45ce3876defbaf5a77791b25a61b0fa7d13f95675b5ff67a7769f3b9af33f096e34653519e873d
  languageName: node
  linkType: hard

"get-intrinsic@npm:^1.1.3, get-intrinsic@npm:^1.2.2, get-intrinsic@npm:^1.2.4, get-intrinsic@npm:^1.2.5, get-intrinsic@npm:^1.2.6, get-intrinsic@npm:^1.2.7, get-intrinsic@npm:^1.3.0":
  version: 1.3.1
  resolution: "get-intrinsic@npm:1.3.1"
  dependencies:
    async-function: ^1.0.0
    async-generator-function: ^1.0.0
    call-bind-apply-helpers: ^1.0.2
    es-define-property: ^1.0.1
    es-errors: ^1.3.0
    es-object-atoms: ^1.1.1
    function-bind: ^1.1.2
    generator-function: ^2.0.0
    get-proto: ^1.0.1
    gopd: ^1.2.0
    has-symbols: ^1.1.0
    hasown: ^2.0.2
    math-intrinsics: ^1.1.0
  checksum: c02b3b6a445f9cd53e14896303794ac60f9751f58a69099127248abdb0251957174c6524245fc68579dc8e6a35161d3d94c93e665f808274716f4248b269436a
  languageName: node
  linkType: hard

"get-package-type@npm:^0.1.0":
  version: 0.1.0
  resolution: "get-package-type@npm:0.1.0"
  checksum: bba0811116d11e56d702682ddef7c73ba3481f114590e705fc549f4d868972263896af313c57a25c076e3c0d567e11d919a64ba1b30c879be985fc9d44f96148
  languageName: node
  linkType: hard

"get-proto@npm:^1.0.1":
  version: 1.0.1
  resolution: "get-proto@npm:1.0.1"
  dependencies:
    dunder-proto: ^1.0.1
    es-object-atoms: ^1.0.0
  checksum: 4fc96afdb58ced9a67558698b91433e6b037aaa6f1493af77498d7c85b141382cf223c0e5946f334fb328ee85dfe6edd06d218eaf09556f4bc4ec6005d7f5f7b
  languageName: node
  linkType: hard

"get-symbol-description@npm:^1.1.0":
  version: 1.1.0
  resolution: "get-symbol-description@npm:1.1.0"
  dependencies:
    call-bound: ^1.0.3
    es-errors: ^1.3.0
    get-intrinsic: ^1.2.6
  checksum: 655ed04db48ee65ef2ddbe096540d4405e79ba0a7f54225775fef43a7e2afcb93a77d141c5f05fdef0afce2eb93bcbfb3597142189d562ac167ff183582683cd
  languageName: node
  linkType: hard

"glob@npm:^7.2.3":
  version: 7.2.3
  resolution: "glob@npm:7.2.3"
  dependencies:
    fs.realpath: ^1.0.0
    inflight: ^1.0.4
    inherits: 2
    minimatch: ^3.1.1
    once: ^1.3.0
    path-is-absolute: ^1.0.0
  checksum: 29452e97b38fa704dabb1d1045350fb2467cf0277e155aa9ff7077e90ad81d1ea9d53d3ee63bd37c05b09a065e90f16aec4a65f5b8de401d1dac40bc5605d133
  languageName: node
  linkType: hard

"globalthis@npm:^1.0.4":
  version: 1.0.4
  resolution: "globalthis@npm:1.0.4"
  dependencies:
    define-properties: ^1.2.1
    gopd: ^1.0.1
  checksum: 39ad667ad9f01476474633a1834a70842041f70a55571e8dcef5fb957980a92da5022db5430fca8aecc5d47704ae30618c0bc877a579c70710c904e9ef06108a
  languageName: node
  linkType: hard

"gopd@npm:^1.0.1, gopd@npm:^1.2.0":
  version: 1.2.0
  resolution: "gopd@npm:1.2.0"
  checksum: cc6d8e655e360955bdccaca51a12a474268f95bb793fc3e1f2bdadb075f28bfd1fd988dab872daf77a61d78cbaf13744bc8727a17cfb1d150d76047d805375f3
  languageName: node
  linkType: hard

"has-bigints@npm:^1.0.2":
  version: 1.1.0
  resolution: "has-bigints@npm:1.1.0"
  checksum: 79730518ae02c77e4af6a1d1a0b6a2c3e1509785532771f9baf0241e83e36329542c3d7a0e723df8cbc85f74eff4f177828a2265a01ba576adbdc2d40d86538b
  languageName: node
  linkType: hard

"has-dynamic-import@npm:^2.1.1":
  version: 2.1.1
  resolution: "has-dynamic-import@npm:2.1.1"
  dependencies:
    call-bind: ^1.0.8
    call-bound: ^1.0.3
    get-intrinsic: ^1.2.6
  checksum: 84cf235c445c9bd8e14c1d3b56e6dc075a3c1c32045a9b403131157d42bb6e72ca479267693b6ed5488d8d822a65270cddace44e50505871c69353ceefd76da7
  languageName: node
  linkType: hard

"has-property-descriptors@npm:^1.0.0, has-property-descriptors@npm:^1.0.2":
  version: 1.0.2
  resolution: "has-property-descriptors@npm:1.0.2"
  dependencies:
    es-define-property: ^1.0.0
  checksum: fcbb246ea2838058be39887935231c6d5788babed499d0e9d0cc5737494c48aba4fe17ba1449e0d0fbbb1e36175442faa37f9c427ae357d6ccb1d895fbcd3de3
  languageName: node
  linkType: hard

"has-proto@npm:^1.2.0":
  version: 1.2.0
  resolution: "has-proto@npm:1.2.0"
  dependencies:
    dunder-proto: ^1.0.0
  checksum: f55010cb94caa56308041d77967c72a02ffd71386b23f9afa8447e58bc92d49d15c19bf75173713468e92fe3fb1680b03b115da39c21c32c74886d1d50d3e7ff
  languageName: node
  linkType: hard

"has-symbols@npm:^1.0.3, has-symbols@npm:^1.1.0":
  version: 1.1.0
  resolution: "has-symbols@npm:1.1.0"
  checksum: b2316c7302a0e8ba3aaba215f834e96c22c86f192e7310bdf689dd0e6999510c89b00fbc5742571507cebf25764d68c988b3a0da217369a73596191ac0ce694b
  languageName: node
  linkType: hard

"has-tostringtag@npm:^1.0.2":
  version: 1.0.2
  resolution: "has-tostringtag@npm:1.0.2"
  dependencies:
    has-symbols: ^1.0.3
  checksum: 999d60bb753ad714356b2c6c87b7fb74f32463b8426e159397da4bde5bca7e598ab1073f4d8d4deafac297f2eb311484cd177af242776bf05f0d11565680468d
  languageName: node
  linkType: hard

"hasown@npm:^2.0.2, hasown@npm:^2.0.4":
  version: 2.0.4
  resolution: "hasown@npm:2.0.4"
  dependencies:
    function-bind: ^1.1.2
  checksum: 4bd8f916b629e06324853593ffbdd45e200022952a85ad0c967f3bd4c2e4c7e1f9a9766fbe6186f60bd394e0afc73e719730caa1da15cd9bd832b7cdf53fd26c
  languageName: node
  linkType: hard

"inflight@npm:^1.0.4":
  version: 1.0.6
  resolution: "inflight@npm:1.0.6"
  dependencies:
    once: ^1.3.0
    wrappy: 1
  checksum: f4f76aa072ce19fae87ce1ef7d221e709afb59d445e05d47fba710e85470923a75de35bfae47da6de1b18afc3ce83d70facf44cfb0aff89f0a3f45c0a0244dfd
  languageName: node
  linkType: hard

"inherits@npm:2, inherits@npm:^2.0.4":
  version: 2.0.4
  resolution: "inherits@npm:2.0.4"
  checksum: 4a48a733847879d6cf6691860a6b1e3f0f4754176e4d71494c41f3475553768b10f84b5ce1d40fbd0e34e6bfbb864ee35858ad4dd2cf31e02fc4a154b724d7f1
  languageName: node
  linkType: hard

"internal-slot@npm:^1.1.0":
  version: 1.1.0
  resolution: "internal-slot@npm:1.1.0"
  dependencies:
    es-errors: ^1.3.0
    hasown: ^2.0.2
    side-channel: ^1.1.0
  checksum: 8e0991c2d048cc08dab0a91f573c99f6a4215075887517ea4fa32203ce8aea60fa03f95b177977fa27eb502e5168366d0f3e02c762b799691411d49900611861
  languageName: node
  linkType: hard

"is-arguments@npm:^1.1.1":
  version: 1.2.0
  resolution: "is-arguments@npm:1.2.0"
  dependencies:
    call-bound: ^1.0.2
    has-tostringtag: ^1.0.2
  checksum: aae9307fedfe2e5be14aebd0f48a9eeedf6b8c8f5a0b66257b965146d1e94abdc3f08e3dce3b1d908e1fa23c70039a88810ee1d753905758b9b6eebbab0bafeb
  languageName: node
  linkType: hard

"is-array-buffer@npm:^3.0.2, is-array-buffer@npm:^3.0.4, is-array-buffer@npm:^3.0.5":
  version: 3.0.5
  resolution: "is-array-buffer@npm:3.0.5"
  dependencies:
    call-bind: ^1.0.8
    call-bound: ^1.0.3
    get-intrinsic: ^1.2.6
  checksum: f137a2a6e77af682cdbffef1e633c140cf596f72321baf8bba0f4ef22685eb4339dde23dfe9e9ca430b5f961dee4d46577dcf12b792b68518c8449b134fb9156
  languageName: node
  linkType: hard

"is-async-function@npm:^2.0.0":
  version: 2.1.1
  resolution: "is-async-function@npm:2.1.1"
  dependencies:
    async-function: ^1.0.0
    call-bound: ^1.0.3
    get-proto: ^1.0.1
    has-tostringtag: ^1.0.2
    safe-regex-test: ^1.1.0
  checksum: 9bece45133da26636488ca127d7686b85ad3ca18927e2850cff1937a650059e90be1c71a48623f8791646bb7a241b0cabf602a0b9252dcfa5ab273f2399000e6
  languageName: node
  linkType: hard

"is-bigint@npm:^1.1.0":
  version: 1.1.0
  resolution: "is-bigint@npm:1.1.0"
  dependencies:
    has-bigints: ^1.0.2
  checksum: ee1544f0e664f253306786ed1dce494b8cf242ef415d6375d8545b4d8816b0f054bd9f948a8988ae2c6325d1c28260dd02978236b2f7b8fb70dfc4838a6c9fa7
  languageName: node
  linkType: hard

"is-boolean-object@npm:^1.2.1":
  version: 1.2.2
  resolution: "is-boolean-object@npm:1.2.2"
  dependencies:
    call-bound: ^1.0.3
    has-tostringtag: ^1.0.2
  checksum: 0415b181e8f1bfd5d3f8a20f8108e64d372a72131674eea9c2923f39d065b6ad08d654765553bdbffbd92c3746f1007986c34087db1bd89a31f71be8359ccdaa
  languageName: node
  linkType: hard

"is-callable@npm:^1.2.7":
  version: 1.2.7
  resolution: "is-callable@npm:1.2.7"
  checksum: 61fd57d03b0d984e2ed3720fb1c7a897827ea174bd44402878e059542ea8c4aeedee0ea0985998aa5cc2736b2fa6e271c08587addb5b3959ac52cf665173d1ac
  languageName: node
  linkType: hard

"is-core-module@npm:^2.16.2":
  version: 2.17.0
  resolution: "is-core-module@npm:2.17.0"
  dependencies:
    hasown: ^2.0.4
  checksum: ab8a122dd92fc05b54e4f46c9859d6f8a9d9f20676a1b029605a4c33b151f07d8cd280e31f7806a29f29f8bfd8e3e647ba7b1cde7f07d60387c14be77774d346
  languageName: node
  linkType: hard

"is-data-view@npm:^1.0.1, is-data-view@npm:^1.0.2":
  version: 1.0.2
  resolution: "is-data-view@npm:1.0.2"
  dependencies:
    call-bound: ^1.0.2
    get-intrinsic: ^1.2.6
    is-typed-array: ^1.1.13
  checksum: 31600dd19932eae7fd304567e465709ffbfa17fa236427c9c864148e1b54eb2146357fcf3aed9b686dee13c217e1bb5a649cb3b9c479e1004c0648e9febde1b2
  languageName: node
  linkType: hard

"is-date-object@npm:^1.0.5, is-date-object@npm:^1.1.0":
  version: 1.1.0
  resolution: "is-date-object@npm:1.1.0"
  dependencies:
    call-bound: ^1.0.2
    has-tostringtag: ^1.0.2
  checksum: d6c36ab9d20971d65f3fc64cef940d57a4900a2ac85fb488a46d164c2072a33da1cb51eefcc039e3e5c208acbce343d3480b84ab5ff0983f617512da2742562a
  languageName: node
  linkType: hard

"is-document.all@npm:^1.0.0":
  version: 1.0.0
  resolution: "is-document.all@npm:1.0.0"
  dependencies:
    call-bound: ^1.0.4
  checksum: 383175789df98503dc0c15d39e80932b21cbec839b8840d7b75dc36db942e9dd2da0f36c464ea1aa2e751f5808c38e97bbf288b76d8114d5e570f49df26ed930
  languageName: node
  linkType: hard

"is-finalizationregistry@npm:^1.1.0":
  version: 1.1.1
  resolution: "is-finalizationregistry@npm:1.1.1"
  dependencies:
    call-bound: ^1.0.3
  checksum: 38c646c506e64ead41a36c182d91639833311970b6b6c6268634f109eef0a1a9d2f1f2e499ef4cb43c744a13443c4cdd2f0812d5afdcee5e9b65b72b28c48557
  languageName: node
  linkType: hard

"is-generator-function@npm:^1.0.10":
  version: 1.1.2
  resolution: "is-generator-function@npm:1.1.2"
  dependencies:
    call-bound: ^1.0.4
    generator-function: ^2.0.0
    get-proto: ^1.0.1
    has-tostringtag: ^1.0.2
    safe-regex-test: ^1.1.0
  checksum: 0b81c613752a5e534939e5b3835ff722446837a5b94c3a3934af5ded36a651d9aa31c3f11f8a3453884b9658bf26dbfb7eb855e744d920b07f084bd890a43414
  languageName: node
  linkType: hard

"is-map@npm:^2.0.2, is-map@npm:^2.0.3":
  version: 2.0.3
  resolution: "is-map@npm:2.0.3"
  checksum: e6ce5f6380f32b141b3153e6ba9074892bbbbd655e92e7ba5ff195239777e767a976dcd4e22f864accaf30e53ebf961ab1995424aef91af68788f0591b7396cc
  languageName: node
  linkType: hard

"is-negative-zero@npm:^2.0.3":
  version: 2.0.3
  resolution: "is-negative-zero@npm:2.0.3"
  checksum: c1e6b23d2070c0539d7b36022d5a94407132411d01aba39ec549af824231f3804b1aea90b5e4e58e807a65d23ceb538ed6e355ce76b267bdd86edb757ffcbdcd
  languageName: node
  linkType: hard

"is-number-object@npm:^1.1.1":
  version: 1.1.1
  resolution: "is-number-object@npm:1.1.1"
  dependencies:
    call-bound: ^1.0.3
    has-tostringtag: ^1.0.2
  checksum: 6517f0a0e8c4b197a21afb45cd3053dc711e79d45d8878aa3565de38d0102b130ca8732485122c7b336e98c27dacd5236854e3e6526e0eb30cae64956535662f
  languageName: node
  linkType: hard

"is-regex@npm:^1.1.4, is-regex@npm:^1.2.1":
  version: 1.2.1
  resolution: "is-regex@npm:1.2.1"
  dependencies:
    call-bound: ^1.0.2
    gopd: ^1.2.0
    has-tostringtag: ^1.0.2
    hasown: ^2.0.2
  checksum: 99ee0b6d30ef1bb61fa4b22fae7056c6c9b3c693803c0c284ff7a8570f83075a7d38cda53b06b7996d441215c27895ea5d1af62124562e13d91b3dbec41a5e13
  languageName: node
  linkType: hard

"is-set@npm:^2.0.2, is-set@npm:^2.0.3":
  version: 2.0.3
  resolution: "is-set@npm:2.0.3"
  checksum: 36e3f8c44bdbe9496c9689762cc4110f6a6a12b767c5d74c0398176aa2678d4467e3bf07595556f2dba897751bde1422480212b97d973c7b08a343100b0c0dfe
  languageName: node
  linkType: hard

"is-shared-array-buffer@npm:^1.0.2, is-shared-array-buffer@npm:^1.0.4":
  version: 1.0.4
  resolution: "is-shared-array-buffer@npm:1.0.4"
  dependencies:
    call-bound: ^1.0.3
  checksum: 1611fedc175796eebb88f4dfc393dd969a4a8e6c69cadaff424ee9d4464f9f026399a5f84a90f7c62d6d7ee04e3626a912149726de102b0bd6c1ee6a9868fa5a
  languageName: node
  linkType: hard

"is-string@npm:^1.0.7, is-string@npm:^1.1.0, is-string@npm:^1.1.1":
  version: 1.1.1
  resolution: "is-string@npm:1.1.1"
  dependencies:
    call-bound: ^1.0.3
    has-tostringtag: ^1.0.2
  checksum: 2eeaaff605250f5e836ea3500d33d1a5d3aa98d008641d9d42fb941e929ffd25972326c2ef912987e54c95b6f10416281aaf1b35cdf81992cfb7524c5de8e193
  languageName: node
  linkType: hard

"is-symbol@npm:^1.1.1":
  version: 1.1.1
  resolution: "is-symbol@npm:1.1.1"
  dependencies:
    call-bound: ^1.0.2
    has-symbols: ^1.1.0
    safe-regex-test: ^1.1.0
  checksum: bfafacf037af6f3c9d68820b74be4ae8a736a658a3344072df9642a090016e281797ba8edbeb1c83425879aae55d1cb1f30b38bf132d703692b2570367358032
  languageName: node
  linkType: hard

"is-typed-array@npm:^1.1.13, is-typed-array@npm:^1.1.14, is-typed-array@npm:^1.1.15":
  version: 1.1.15
  resolution: "is-typed-array@npm:1.1.15"
  dependencies:
    which-typed-array: ^1.1.16
  checksum: ea7cfc46c282f805d19a9ab2084fd4542fed99219ee9dbfbc26284728bd713a51eac66daa74eca00ae0a43b61322920ba334793607dc39907465913e921e0892
  languageName: node
  linkType: hard

"is-weakmap@npm:^2.0.2":
  version: 2.0.2
  resolution: "is-weakmap@npm:2.0.2"
  checksum: f36aef758b46990e0d3c37269619c0a08c5b29428c0bb11ecba7f75203442d6c7801239c2f31314bc79199217ef08263787f3837d9e22610ad1da62970d6616d
  languageName: node
  linkType: hard

"is-weakref@npm:^1.0.2, is-weakref@npm:^1.1.1":
  version: 1.1.1
  resolution: "is-weakref@npm:1.1.1"
  dependencies:
    call-bound: ^1.0.3
  checksum: 1769b9aed5d435a3a989ffc18fc4ad1947d2acdaf530eb2bd6af844861b545047ea51102f75901f89043bed0267ed61d914ee21e6e8b9aa734ec201cdfc0726f
  languageName: node
  linkType: hard

"is-weakset@npm:^2.0.3":
  version: 2.0.4
  resolution: "is-weakset@npm:2.0.4"
  dependencies:
    call-bound: ^1.0.3
    get-intrinsic: ^1.2.6
  checksum: 5c6c8415a06065d78bdd5e3a771483aa1cd928df19138aa73c4c51333226f203f22117b4325df55cc8b3085a6716870a320c2d757efee92d7a7091a039082041
  languageName: node
  linkType: hard

"isarray@npm:^2.0.5":
  version: 2.0.5
  resolution: "isarray@npm:2.0.5"
  checksum: bd5bbe4104438c4196ba58a54650116007fa0262eccef13a4c55b2e09a5b36b59f1e75b9fcc49883dd9d4953892e6fc007eef9e9155648ceea036e184b0f930a
  languageName: node
  linkType: hard

"math-intrinsics@npm:^1.1.0":
  version: 1.1.0
  resolution: "math-intrinsics@npm:1.1.0"
  checksum: 0e513b29d120f478c85a70f49da0b8b19bc638975eca466f2eeae0071f3ad00454c621bf66e16dd435896c208e719fc91ad79bbfba4e400fe0b372e7c1c9c9a2
  languageName: node
  linkType: hard

"minimatch@npm:^3.0.4, minimatch@npm:^3.1.1":
  version: 3.1.5
  resolution: "minimatch@npm:3.1.5"
  dependencies:
    brace-expansion: ^1.1.7
  checksum: 47ef6f412c08be045a7291d11b1c40777925accf7252dc6d3caa39b1bfbb3a7ea390ba7aba464d762d783265c644143d2c8a204e6b5763145024d52ee65a1941
  languageName: node
  linkType: hard

"minimist@npm:^1.2.8":
  version: 1.2.8
  resolution: "minimist@npm:1.2.8"
  checksum: 75a6d645fb122dad29c06a7597bddea977258957ed88d7a6df59b5cd3fe4a527e253e9bbf2e783e4b73657f9098b96a5fe96ab8a113655d4109108577ecf85b0
  languageName: node
  linkType: hard

"mock-property@npm:^1.1.0":
  version: 1.1.2
  resolution: "mock-property@npm:1.1.2"
  dependencies:
    define-data-property: ^1.1.4
    es-errors: ^1.3.0
    functions-have-names: ^1.2.3
    gopd: ^1.2.0
    has-property-descriptors: ^1.0.2
    hasown: ^2.0.4
    isarray: ^2.0.5
    object-inspect: ^1.13.4
  checksum: ffb31081367d85f8e3b95e8be32967db80cf2026a4fc368f2542a8f4855686e6800726126f24e2abae924ee8f61fe86ec19e67a12edea276d9335a429fc719e7
  languageName: node
  linkType: hard

"node-exports-info@npm:^1.6.0":
  version: 1.6.2
  resolution: "node-exports-info@npm:1.6.2"
  dependencies:
    array.prototype.flatmap: ^1.3.3
    es-errors: ^1.3.0
    object.entries: ^1.1.9
    semver: ^6.3.1
  checksum: d8642f3dc0c03023a0249ab737ab052796b7ae6d51401b49cfcd0c8c41a22dc464e8aeb3207d6d2ea1f3807f37000bc88bcfad111e4ec191d0f9e1eafa768804
  languageName: node
  linkType: hard

"object-inspect@npm:^1.13.3, object-inspect@npm:^1.13.4":
  version: 1.13.4
  resolution: "object-inspect@npm:1.13.4"
  checksum: 582810c6a8d2ef988ea0a39e69e115a138dad8f42dd445383b394877e5816eb4268489f316a6f74ee9c4e0a984b3eab1028e3e79d62b1ed67c726661d55c7a8b
  languageName: node
  linkType: hard

"object-is@npm:^1.1.5, object-is@npm:^1.1.6":
  version: 1.1.6
  resolution: "object-is@npm:1.1.6"
  dependencies:
    call-bind: ^1.0.7
    define-properties: ^1.2.1
  checksum: 3ea22759967e6f2380a2cbbd0f737b42dc9ddb2dfefdb159a1b927fea57335e1b058b564bfa94417db8ad58cddab33621a035de6f5e5ad56d89f2dd03e66c6a1
  languageName: node
  linkType: hard

"object-keys@npm:^1.1.1":
  version: 1.1.1
  resolution: "object-keys@npm:1.1.1"
  checksum: b363c5e7644b1e1b04aa507e88dcb8e3a2f52b6ffd0ea801e4c7a62d5aa559affe21c55a07fd4b1fd55fc03a33c610d73426664b20032405d7b92a1414c34d6a
  languageName: node
  linkType: hard

"object.assign@npm:^4.1.4, object.assign@npm:^4.1.7":
  version: 4.1.7
  resolution: "object.assign@npm:4.1.7"
  dependencies:
    call-bind: ^1.0.8
    call-bound: ^1.0.3
    define-properties: ^1.2.1
    es-object-atoms: ^1.0.0
    has-symbols: ^1.1.0
    object-keys: ^1.1.1
  checksum: 60e07d2651cf4f5528c485f1aa4dbded9b384c47d80e8187cefd11320abb1aebebf78df5483451dfa549059f8281c21f7b4bf7d19e9e5e97d8d617df0df298de
  languageName: node
  linkType: hard

"object.entries@npm:^1.1.9":
  version: 1.1.9
  resolution: "object.entries@npm:1.1.9"
  dependencies:
    call-bind: ^1.0.8
    call-bound: ^1.0.4
    define-properties: ^1.2.1
    es-object-atoms: ^1.1.1
  checksum: 0ab2ef331c4d6a53ff600a5d69182948d453107c3a1f7fd91bc29d387538c2aba21d04949a74f57c21907208b1f6fb175567fd1f39f1a7a4046ba1bca762fb41
  languageName: node
  linkType: hard

"once@npm:^1.3.0":
  version: 1.4.0
  resolution: "once@npm:1.4.0"
  dependencies:
    wrappy: 1
  checksum: cd0a88501333edd640d95f0d2700fbde6bff20b3d4d9bdc521bdd31af0656b5706570d6c6afe532045a20bb8dc0849f8332d6f2a416e0ba6d3d3b98806c7db68
  languageName: node
  linkType: hard

"own-keys@npm:^1.0.1":
  version: 1.0.2
  resolution: "own-keys@npm:1.0.2"
  dependencies:
    call-bound: ^1.0.4
    get-intrinsic: ^1.3.0
    object-keys: ^1.1.1
    safe-push-apply: ^1.0.0
  checksum: 9c5092be16b13391938458205ce2d6aea9184ce0d6179d9bd18c112d3be83fe90b5b958f4e99a2a0c9699e2ae04c655c5eea0cd33b7170ef3243430feea33a94
  languageName: node
  linkType: hard

"path-is-absolute@npm:^1.0.0":
  version: 1.0.1
  resolution: "path-is-absolute@npm:1.0.1"
  checksum: 060840f92cf8effa293bcc1bea81281bd7d363731d214cbe5c227df207c34cd727430f70c6037b5159c8a870b9157cba65e775446b0ab06fd5ecc7e54615a3b8
  languageName: node
  linkType: hard

"path-parse@npm:^1.0.7":
  version: 1.0.7
  resolution: "path-parse@npm:1.0.7"
  checksum: 49abf3d81115642938a8700ec580da6e830dde670be21893c62f4e10bd7dd4c3742ddc603fe24f898cba7eb0c6bc1777f8d9ac14185d34540c6d4d80cd9cae8a
  languageName: node
  linkType: hard

"possible-typed-array-names@npm:^1.0.0, possible-typed-array-names@npm:^1.1.0":
  version: 1.1.0
  resolution: "possible-typed-array-names@npm:1.1.0"
  checksum: cfcd4f05264eee8fd184cd4897a17890561d1d473434b43ab66ad3673d9c9128981ec01e0cb1d65a52cd6b1eebfb2eae1e53e39b2e0eca86afc823ede7a4f41b
  languageName: node
  linkType: hard

"reflect.getprototypeof@npm:^1.0.10":
  version: 1.0.10
  resolution: "reflect.getprototypeof@npm:1.0.10"
  dependencies:
    call-bind: ^1.0.8
    define-properties: ^1.2.1
    es-abstract: ^1.23.9
    es-errors: ^1.3.0
    es-object-atoms: ^1.0.0
    get-intrinsic: ^1.2.7
    get-proto: ^1.0.1
    which-builtin-type: ^1.2.1
  checksum: ccc5debeb66125e276ae73909cecb27e47c35d9bb79d9cc8d8d055f008c58010ab8cb401299786e505e4aab733a64cba9daf5f312a58e96a43df66adad221870
  languageName: node
  linkType: hard

"regexp.prototype.flags@npm:^1.5.1, regexp.prototype.flags@npm:^1.5.4":
  version: 1.5.4
  resolution: "regexp.prototype.flags@npm:1.5.4"
  dependencies:
    call-bind: ^1.0.8
    define-properties: ^1.2.1
    es-errors: ^1.3.0
    get-proto: ^1.0.1
    gopd: ^1.2.0
    set-function-name: ^2.0.2
  checksum: 18cb667e56cb328d2dda569d7f04e3ea78f2683135b866d606538cf7b1d4271f7f749f09608c877527799e6cf350e531368f3c7a20ccd1bb41048a48926bdeeb
  languageName: node
  linkType: hard

"resolve@npm:^2.0.0-next.7":
  version: 2.0.0-next.7
  resolution: "resolve@npm:2.0.0-next.7"
  dependencies:
    es-errors: ^1.3.0
    is-core-module: ^2.16.2
    node-exports-info: ^1.6.0
    object-keys: ^1.1.1
    path-parse: ^1.0.7
    supports-preserve-symlinks-flag: ^1.0.0
  bin:
    resolve: bin/resolve
  checksum: 62d58c4b2fcd820da8ef4e0f37f14daaac3f1dd1bdc73b4c1b750c4705676a28f30281784d340a60240206f3398a7001d0feca35735bacdc90e01de6ebf606b8
  languageName: node
  linkType: hard

"resolve@patch:resolve@^2.0.0-next.7#~builtin<compat/resolve>":
  version: 2.0.0-next.7
  resolution: "resolve@patch:resolve@npm%3A2.0.0-next.7#~builtin<compat/resolve>::version=2.0.0-next.7&hash=c3c19d"
  dependencies:
    es-errors: ^1.3.0
    is-core-module: ^2.16.2
    node-exports-info: ^1.6.0
    object-keys: ^1.1.1
    path-parse: ^1.0.7
    supports-preserve-symlinks-flag: ^1.0.0
  bin:
    resolve: bin/resolve
  checksum: 6385a1797ae12043ecdbdeed8d39da9099417edf3504495df4f395889cc3548afc1f71b51ae05b3235e82cef3551215b5e5b89cf5c9fb6360cd804df519b76bf
  languageName: node
  linkType: hard

"safe-array-concat@npm:^1.1.3":
  version: 1.1.4
  resolution: "safe-array-concat@npm:1.1.4"
  dependencies:
    call-bind: ^1.0.9
    call-bound: ^1.0.4
    get-intrinsic: ^1.3.0
    has-symbols: ^1.1.0
    isarray: ^2.0.5
  checksum: fd59dbf79f5ab6b56eb1b07bc7fd38ebdb9cb0478e7639606cd7a7f423d2fd22dc81eaf2371f74b5f3332ce75327669e1667272b34b33d06d07514e3e5305cf8
  languageName: node
  linkType: hard

"safe-push-apply@npm:^1.0.0":
  version: 1.0.0
  resolution: "safe-push-apply@npm:1.0.0"
  dependencies:
    es-errors: ^1.3.0
    isarray: ^2.0.5
  checksum: 8c11cbee6dc8ff5cc0f3d95eef7052e43494591384015902e4292aef4ae9e539908288520ed97179cee17d6ffb450fe5f05a46ce7a1749685f7524fd568ab5db
  languageName: node
  linkType: hard

"safe-regex-test@npm:^1.1.0":
  version: 1.1.0
  resolution: "safe-regex-test@npm:1.1.0"
  dependencies:
    call-bound: ^1.0.2
    es-errors: ^1.3.0
    is-regex: ^1.2.1
  checksum: 3c809abeb81977c9ed6c869c83aca6873ea0f3ab0f806b8edbba5582d51713f8a6e9757d24d2b4b088f563801475ea946c8e77e7713e8c65cdd02305b6caedab
  languageName: node
  linkType: hard

"semver@npm:^6.3.1":
  version: 6.3.1
  resolution: "semver@npm:6.3.1"
  bin:
    semver: bin/semver.js
  checksum: ae47d06de28836adb9d3e25f22a92943477371292d9b665fb023fae278d345d508ca1958232af086d85e0155aee22e313e100971898bbb8d5d89b8b1d4054ca2
  languageName: node
  linkType: hard

"set-function-length@npm:^1.2.2":
  version: 1.2.2
  resolution: "set-function-length@npm:1.2.2"
  dependencies:
    define-data-property: ^1.1.4
    es-errors: ^1.3.0
    function-bind: ^1.1.2
    get-intrinsic: ^1.2.4
    gopd: ^1.0.1
    has-property-descriptors: ^1.0.2
  checksum: a8248bdacdf84cb0fab4637774d9fb3c7a8e6089866d04c817583ff48e14149c87044ce683d7f50759a8c50fb87c7a7e173535b06169c87ef76f5fb276dfff72
  languageName: node
  linkType: hard

"set-function-name@npm:^2.0.2":
  version: 2.0.2
  resolution: "set-function-name@npm:2.0.2"
  dependencies:
    define-data-property: ^1.1.4
    es-errors: ^1.3.0
    functions-have-names: ^1.2.3
    has-property-descriptors: ^1.0.2
  checksum: d6229a71527fd0404399fc6227e0ff0652800362510822a291925c9d7b48a1ca1a468b11b281471c34cd5a2da0db4f5d7ff315a61d26655e77f6e971e6d0c80f
  languageName: node
  linkType: hard

"set-proto@npm:^1.0.0":
  version: 1.0.0
  resolution: "set-proto@npm:1.0.0"
  dependencies:
    dunder-proto: ^1.0.1
    es-errors: ^1.3.0
    es-object-atoms: ^1.0.0
  checksum: ec27cbbe334598547e99024403e96da32aca3e530583e4dba7f5db1c43cbc4affa9adfbd77c7b2c210b9b8b2e7b2e600bad2a6c44fd62e804d8233f96bbb62f4
  languageName: node
  linkType: hard

"side-channel-list@npm:^1.0.1":
  version: 1.0.1
  resolution: "side-channel-list@npm:1.0.1"
  dependencies:
    es-errors: ^1.3.0
    object-inspect: ^1.13.4
  checksum: 3499671cd52adaee739eac1e14d07530b8e3530192741aeb05e7fe4ad1b51d1368ceea2cd3c21b0f62b05410a5c70a7c4d997ba4b143303ef73d0c65dfd1c252
  languageName: node
  linkType: hard

"side-channel-map@npm:^1.0.1":
  version: 1.0.1
  resolution: "side-channel-map@npm:1.0.1"
  dependencies:
    call-bound: ^1.0.2
    es-errors: ^1.3.0
    get-intrinsic: ^1.2.5
    object-inspect: ^1.13.3
  checksum: 42501371cdf71f4ccbbc9c9e2eb00aaaab80a4c1c429d5e8da713fd4d39ef3b8d4a4b37ed4f275798a65260a551a7131fd87fe67e922dba4ac18586d6aab8b06
  languageName: node
  linkType: hard

"side-channel-weakmap@npm:^1.0.2":
  version: 1.0.2
  resolution: "side-channel-weakmap@npm:1.0.2"
  dependencies:
    call-bound: ^1.0.2
    es-errors: ^1.3.0
    get-intrinsic: ^1.2.5
    object-inspect: ^1.13.3
    side-channel-map: ^1.0.1
  checksum: a815c89bc78c5723c714ea1a77c938377ea710af20d4fb886d362b0d1f8ac73a17816a5f6640f354017d7e292a43da9c5e876c22145bac00b76cfb3468001736
  languageName: node
  linkType: hard

"side-channel@npm:^1.0.4, side-channel@npm:^1.1.0":
  version: 1.1.1
  resolution: "side-channel@npm:1.1.1"
  dependencies:
    es-errors: ^1.3.0
    object-inspect: ^1.13.4
    side-channel-list: ^1.0.1
    side-channel-map: ^1.0.1
    side-channel-weakmap: ^1.0.2
  checksum: e0f217140c463636ee556260bbc8f47ba2931f1248826f58e1502704135814c763b325dd9ab122a04176aa45b4a4f8cc556415bcab7a0179d85250fb7812f063
  languageName: node
  linkType: hard

"stop-iteration-iterator@npm:^1.0.0, stop-iteration-iterator@npm:^1.1.0":
  version: 1.1.0
  resolution: "stop-iteration-iterator@npm:1.1.0"
  dependencies:
    es-errors: ^1.3.0
    internal-slot: ^1.1.0
  checksum: be944489d8829fb3bdec1a1cc4a2142c6b6eb317305eeace1ece978d286d6997778afa1ae8cb3bd70e2b274b9aa8c69f93febb1e15b94b1359b11058f9d3c3a1
  languageName: node
  linkType: hard

"string.prototype.trim@npm:^1.2.10, string.prototype.trim@npm:^1.2.11":
  version: 1.2.11
  resolution: "string.prototype.trim@npm:1.2.11"
  dependencies:
    call-bind: ^1.0.9
    call-bound: ^1.0.4
    define-data-property: ^1.1.4
    define-properties: ^1.2.1
    es-abstract: ^1.24.2
    es-object-atoms: ^1.1.2
    has-property-descriptors: ^1.0.2
    safe-regex-test: ^1.1.0
  checksum: 1aa0868afe15a54e781cd7fdcc851af4b0d71522108006f136ba35ecfde65b042496ca6926f85192923e6e9287750b772afb13860db15574bf1da454343db0ca
  languageName: node
  linkType: hard

"string.prototype.trimend@npm:^1.0.9":
  version: 1.0.10
  resolution: "string.prototype.trimend@npm:1.0.10"
  dependencies:
    call-bind: ^1.0.9
    call-bound: ^1.0.4
    define-properties: ^1.2.1
    es-object-atoms: ^1.1.2
  checksum: 17684796ccd12accafaef0f7cafe7a88891e4a57ff8deb5a40665dbe627fb3bed2252f1b9f3b16da2229aa41ba24e082178b44afe91a0302d570149730be1ccb
  languageName: node
  linkType: hard

"string.prototype.trimstart@npm:^1.0.8":
  version: 1.0.8
  resolution: "string.prototype.trimstart@npm:1.0.8"
  dependencies:
    call-bind: ^1.0.7
    define-properties: ^1.2.1
    es-object-atoms: ^1.0.0
  checksum: df1007a7f580a49d692375d996521dc14fd103acda7f3034b3c558a60b82beeed3a64fa91e494e164581793a8ab0ae2f59578a49896a7af6583c1f20472bce96
  languageName: node
  linkType: hard

"supports-preserve-symlinks-flag@npm:^1.0.0":
  version: 1.0.0
  resolution: "supports-preserve-symlinks-flag@npm:1.0.0"
  checksum: 53b1e247e68e05db7b3808b99b892bd36fb096e6fba213a06da7fab22045e97597db425c724f2bbd6c99a3c295e1e73f3e4de78592289f38431049e1277ca0ae
  languageName: node
  linkType: hard

"tape@npm:^5.0.1":
  version: 5.10.2
  resolution: "tape@npm:5.10.2"
  dependencies:
    "@ljharb/now": ^1.0.1
    "@ljharb/resumer": ^0.1.3
    "@ljharb/through": ^2.3.14
    array.prototype.every: ^1.1.7
    call-bind: ^1.0.9
    call-bound: ^1.0.4
    deep-equal: ^2.2.3
    defined: ^1.0.1
    dotignore: ^0.1.2
    es-object-atoms: ^1.1.2
    for-each: ^0.3.5
    get-package-type: ^0.1.0
    glob: ^7.2.3
    has-dynamic-import: ^2.1.1
    hasown: ^2.0.4
    inherits: ^2.0.4
    is-regex: ^1.2.1
    minimist: ^1.2.8
    mock-property: ^1.1.0
    object-inspect: ^1.13.4
    object-is: ^1.1.6
    object-keys: ^1.1.1
    object.assign: ^4.1.7
    resolve: ^2.0.0-next.7
    string.prototype.trim: ^1.2.11
  bin:
    tape: bin/tape
  checksum: c10ff16aae0490451dc0f35c8a82c2d0c657eff011ca47d62e6e608f52457c497fafcb8d9417231e63d1d4151fed5420cb81385874009f18719399c498bdd72f
  languageName: node
  linkType: hard

"typed-array-buffer@npm:^1.0.3":
  version: 1.0.3
  resolution: "typed-array-buffer@npm:1.0.3"
  dependencies:
    call-bound: ^1.0.3
    es-errors: ^1.3.0
    is-typed-array: ^1.1.14
  checksum: 3fb91f0735fb413b2bbaaca9fabe7b8fc14a3fa5a5a7546bab8a57e755be0e3788d893195ad9c2b842620592de0e68d4c077d4c2c41f04ec25b8b5bb82fa9a80
  languageName: node
  linkType: hard

"typed-array-byte-length@npm:^1.0.3":
  version: 1.0.3
  resolution: "typed-array-byte-length@npm:1.0.3"
  dependencies:
    call-bind: ^1.0.8
    for-each: ^0.3.3
    gopd: ^1.2.0
    has-proto: ^1.2.0
    is-typed-array: ^1.1.14
  checksum: cda9352178ebeab073ad6499b03e938ebc30c4efaea63a26839d89c4b1da9d2640b0d937fc2bd1f049eb0a38def6fbe8a061b601292ae62fe079a410ce56e3a6
  languageName: node
  linkType: hard

"typed-array-byte-offset@npm:^1.0.4":
  version: 1.0.5
  resolution: "typed-array-byte-offset@npm:1.0.5"
  dependencies:
    available-typed-arrays: ^1.0.7
    call-bind: ^1.0.9
    for-each: ^0.3.5
    gopd: ^1.2.0
    is-typed-array: ^1.1.15
    reflect.getprototypeof: ^1.0.10
  checksum: b314f3f1779b1f978704f72ed9ded61e7c8235f2712cfebae169312638c9e4736015516fb55c0ee9fe2d861e6111a9e44a782add667164477397a929e08e5fee
  languageName: node
  linkType: hard

"typed-array-length@npm:^1.0.7":
  version: 1.0.8
  resolution: "typed-array-length@npm:1.0.8"
  dependencies:
    call-bind: ^1.0.9
    for-each: ^0.3.5
    gopd: ^1.2.0
    is-typed-array: ^1.1.15
    possible-typed-array-names: ^1.1.0
    reflect.getprototypeof: ^1.0.10
  checksum: 612a90b6c86fed3aa8de7be20e05fd1fcdf4a5a0f2ce7a04da664b8f5b1ff2fb74a50f91d67dea9dbf2e526fbaac4046093fc0314af4e28533a7d1052d37fbd6
  languageName: node
  linkType: hard

"unbox-primitive@npm:^1.1.0":
  version: 1.1.0
  resolution: "unbox-primitive@npm:1.1.0"
  dependencies:
    call-bound: ^1.0.3
    has-bigints: ^1.0.2
    has-symbols: ^1.1.0
    which-boxed-primitive: ^1.1.1
  checksum: 729f13b84a5bfa3fead1d8139cee5c38514e63a8d6a437819a473e241ba87eeb593646568621c7fc7f133db300ef18d65d1a5a60dc9c7beb9000364d93c581df
  languageName: node
  linkType: hard

"which-boxed-primitive@npm:^1.0.2, which-boxed-primitive@npm:^1.1.0, which-boxed-primitive@npm:^1.1.1":
  version: 1.1.1
  resolution: "which-boxed-primitive@npm:1.1.1"
  dependencies:
    is-bigint: ^1.1.0
    is-boolean-object: ^1.2.1
    is-number-object: ^1.1.1
    is-string: ^1.1.1
    is-symbol: ^1.1.1
  checksum: ee41d0260e4fd39551ad77700c7047d3d281ec03d356f5e5c8393fe160ba0db53ef446ff547d05f76ffabfd8ad9df7c9a827e12d4cccdbc8fccf9239ff8ac21e
  languageName: node
  linkType: hard

"which-builtin-type@npm:^1.2.1":
  version: 1.2.1
  resolution: "which-builtin-type@npm:1.2.1"
  dependencies:
    call-bound: ^1.0.2
    function.prototype.name: ^1.1.6
    has-tostringtag: ^1.0.2
    is-async-function: ^2.0.0
    is-date-object: ^1.1.0
    is-finalizationregistry: ^1.1.0
    is-generator-function: ^1.0.10
    is-regex: ^1.2.1
    is-weakref: ^1.0.2
    isarray: ^2.0.5
    which-boxed-primitive: ^1.1.0
    which-collection: ^1.0.2
    which-typed-array: ^1.1.16
  checksum: 7a3617ba0e7cafb795f74db418df889867d12bce39a477f3ee29c6092aa64d396955bf2a64eae3726d8578440e26777695544057b373c45a8bcf5fbe920bf633
  languageName: node
  linkType: hard

"which-collection@npm:^1.0.1, which-collection@npm:^1.0.2":
  version: 1.0.2
  resolution: "which-collection@npm:1.0.2"
  dependencies:
    is-map: ^2.0.3
    is-set: ^2.0.3
    is-weakmap: ^2.0.2
    is-weakset: ^2.0.3
  checksum: c51821a331624c8197916598a738fc5aeb9a857f1e00d89f5e4c03dc7c60b4032822b8ec5696d28268bb83326456a8b8216344fb84270d18ff1d7628051879d9
  languageName: node
  linkType: hard

"which-typed-array@npm:^1.1.13, which-typed-array@npm:^1.1.16, which-typed-array@npm:^1.1.19":
  version: 1.1.23
  resolution: "which-typed-array@npm:1.1.23"
  dependencies:
    available-typed-arrays: ^1.0.7
    call-bind: ^1.0.9
    call-bound: ^1.0.4
    for-each: ^0.3.5
    get-proto: ^1.0.1
    gopd: ^1.2.0
    has-tostringtag: ^1.0.2
  checksum: 56b195916bbc59a3a91c3d2ab743a6d7dfa56a873ca7ce8dfcd629faf214bcb082fdcbc1a55e890948acc8c48d059b89ef9a7eea886beeb3e65067bc5182329a
  languageName: node
  linkType: hard

"wrappy@npm:1":
  version: 1.0.2
  resolution: "wrappy@npm:1.0.2"
  checksum: 159da4805f7e84a3d003d8841557196034155008f817172d4e986bd591f74aa82aa7db55929a54222309e01079a65a92a9e6414da5a6aa4b01ee44a511ac3ee5
  languageName: node
  linkType: hard
